
Microsoft Visual Studio Solution File, Format Version 12.00
# Visual Studio Version 17
VisualStudioVersion = 17.10.34928.147
MinimumVisualStudioVersion = 10.0.40219.1
Project("{FAE04EC0-301F-11D3-BF4B-00C04F79EFBC}") = "Rezervacija_Avio_Karata", "Rezervacija_Avio_Karata.csproj", "{5D85B412-560C-4AA0-A59F-1132B88E8772}"
EndProject
Global
	GlobalSection(SolutionConfigurationPlatforms) = preSolution
		Debug|Any CPU = Debug|Any CPU
		Release|Any CPU = Release|Any CPU
	EndGlobalSection
	GlobalSection(ProjectConfigurationPlatforms) = postSolution
		{5D85B412-560C-4AA0-A59F-1132B88E8772}.Debug|Any CPU.ActiveCfg = Debug|Any CPU
		{5D85B412-560C-4AA0-A59F-1132B88E8772}.Debug|Any CPU.Build.0 = Debug|Any CPU
		{5D85B412-560C-4AA0-A59F-1132B88E8772}.Release|Any CPU.ActiveCfg = Release|Any CPU
		{5D85B412-560C-4AA0-A59F-1132B88E8772}.Release|Any CPU.Build.0 = Release|Any CPU
	EndGlobalSection
	GlobalSection(SolutionProperties) = preSolution
		HideSolutionNode = FALSE
	EndGlobalSection
	GlobalSection(ExtensibilityGlobals) = postSolution
		SolutionGuid = {A33DCC00-656C-4C9E-8D3B-C9698A23AF9C}
	EndGlobalSection
EndGlobal
